
Microsoft Visual Studio Solution File, Format Version 12.00
# Visual Studio Version 16
VisualStudioVersion = 16.0.29326.143
MinimumVisualStudioVersion = 10.0.40219.1
Project("{9A19103F-16F7-4668-BE54-9A1E7A4F7556}") = "Core.Gayway", "Core.Gayway\Core.Gayway.csproj", "{7E114E13-D88E-4CF1-B448-1BEDFA7B22FD}"
EndProject
Project("{9A19103F-16F7-4668-BE54-9A1E7A4F7556}") = "Common.ServiceRegistration", "Common.ServiceRegistration\Common.ServiceRegistration.csproj", "{77161F04-80AB-47B9-A54D-2CA92B6FF953}"
EndProject
Project("{9A19103F-16F7-4668-BE54-9A1E7A4F7556}") = "Core.SampleServices", "Core.SampleServices\Core.SampleServices.csproj", "{19A038BC-5234-4DEE-8587-B260B4C490F2}"
EndProject
Project("{9A19103F-16F7-4668-BE54-9A1E7A4F7556}") = "Core.SampleClient", "Core.SampleClient\Core.SampleClient.csproj", "{DD96C16C-2D77-4231-996B-DFECA2B3A6C0}"
EndProject
Project("{9A19103F-16F7-4668-BE54-9A1E7A4F7556}") = "Core.Identity", "Core.Identity\Core.Identity.csproj", "{D9C67BCE-B43E-4EE5-8219-CC9AC6BDBB3D}"
EndProject
Global
	GlobalSection(SolutionConfigurationPlatforms) = preSolution
		Debug|Any CPU = Debug|Any CPU
		Release|Any CPU = Release|Any CPU
	EndGlobalSection
	GlobalSection(ProjectConfigurationPlatforms) = postSolution
		{7E114E13-D88E-4CF1-B448-1BEDFA7B22FD}.Debug|Any CPU.ActiveCfg = Debug|Any CPU
		{7E114E13-D88E-4CF1-B448-1BEDFA7B22FD}.Debug|Any CPU.Build.0 = Debug|Any CPU
		{7E114E13-D88E-4CF1-B448-1BEDFA7B22FD}.Release|Any CPU.ActiveCfg = Release|Any CPU
		{7E114E13-D88E-4CF1-B448-1BEDFA7B22FD}.Release|Any CPU.Build.0 = Release|Any CPU
		{77161F04-80AB-47B9-A54D-2CA92B6FF953}.Debug|Any CPU.ActiveCfg = Debug|Any CPU
		{77161F04-80AB-47B9-A54D-2CA92B6FF953}.Debug|Any CPU.Build.0 = Debug|Any CPU
		{77161F04-80AB-47B9-A54D-2CA92B6FF953}.Release|Any CPU.ActiveCfg = Release|Any CPU
		{77161F04-80AB-47B9-A54D-2CA92B6FF953}.Release|Any CPU.Build.0 = Release|Any CPU
		{19A038BC-5234-4DEE-8587-B260B4C490F2}.Debug|Any CPU.ActiveCfg = Debug|Any CPU
		{19A038BC-5234-4DEE-8587-B260B4C490F2}.Debug|Any CPU.Build.0 = Debug|Any CPU
		{19A038BC-5234-4DEE-8587-B260B4C490F2}.Release|Any CPU.ActiveCfg = Release|Any CPU
		{19A038BC-5234-4DEE-8587-B260B4C490F2}.Release|Any CPU.Build.0 = Release|Any CPU
		{DD96C16C-2D77-4231-996B-DFECA2B3A6C0}.Debug|Any CPU.ActiveCfg = Debug|Any CPU
		{DD96C16C-2D77-4231-996B-DFECA2B3A6C0}.Debug|Any CPU.Build.0 = Debug|Any CPU
		{DD96C16C-2D77-4231-996B-DFECA2B3A6C0}.Release|Any CPU.ActiveCfg = Release|Any CPU
		{DD96C16C-2D77-4231-996B-DFECA2B3A6C0}.Release|Any CPU.Build.0 = Release|Any CPU
		{D9C67BCE-B43E-4EE5-8219-CC9AC6BDBB3D}.Debug|Any CPU.ActiveCfg = Debug|Any CPU
		{D9C67BCE-B43E-4EE5-8219-CC9AC6BDBB3D}.Debug|Any CPU.Build.0 = Debug|Any CPU
		{D9C67BCE-B43E-4EE5-8219-CC9AC6BDBB3D}.Release|Any CPU.ActiveCfg = Release|Any CPU
		{D9C67BCE-B43E-4EE5-8219-CC9AC6BDBB3D}.Release|Any CPU.Build.0 = Release|Any CPU
	EndGlobalSection
	GlobalSection(SolutionProperties) = preSolution
		HideSolutionNode = FALSE
	EndGlobalSection
	GlobalSection(ExtensibilityGlobals) = postSolution
		SolutionGuid = {3306C561-4334-43DD-A9C6-65D271F8970C}
	EndGlobalSection
EndGlobal
